
Microsoft Visual Studio Solution File, Format Version 12.00
# Visual Studio 15
VisualStudioVersion = 15.0.27703.2000
MinimumVisualStudioVersion = 10.0.40219.1
Project("{8BC9CEB8-8B4A-11D0-8D11-00A0C91BC942}") = "Framework", "Framework\Framework.vcxproj", "{416667A8-8B26-4BED-8338-4AB943216F19}"
EndProject
Project("{8BC9CEB8-8B4A-11D0-8D11-00A0C91BC942}") = "LevelEditor", "LevelEditor\LevelEditor.vcxproj", "{A01E7A16-71E5-48A9-A273-94C308CD5A75}"
	ProjectSection(ProjectDependencies) = postProject
		{416667A8-8B26-4BED-8338-4AB943216F19} = {416667A8-8B26-4BED-8338-4AB943216F19}
	EndProjectSection
EndProject
Project("{8BC9CEB8-8B4A-11D0-8D11-00A0C91BC942}") = "ModelEditor", "ModelEditor\ModelEditor.vcxproj", "{815AF547-A465-4C45-97A6-7E7CAF039991}"
	ProjectSection(ProjectDependencies) = postProject
		{416667A8-8B26-4BED-8338-4AB943216F19} = {416667A8-8B26-4BED-8338-4AB943216F19}
	EndProjectSection
EndProject
Project("{8BC9CEB8-8B4A-11D0-8D11-00A0C91BC942}") = "Game", "Game\Game.vcxproj", "{41ACFC9B-F0EE-4B6C-952F-98AE78799078}"
	ProjectSection(ProjectDependencies) = postProject
		{416667A8-8B26-4BED-8338-4AB943216F19} = {416667A8-8B26-4BED-8338-4AB943216F19}
	EndProjectSection
EndProject
Global
	GlobalSection(SolutionConfigurationPlatforms) = preSolution
		Debug|x64 = Debug|x64
		Debug|x86 = Debug|x86
		Release|x64 = Release|x64
		Release|x86 = Release|x86
	EndGlobalSection
	GlobalSection(ProjectConfigurationPlatforms) = postSolution
		{416667A8-8B26-4BED-8338-4AB943216F19}.Debug|x64.ActiveCfg = Debug|x64
		{416667A8-8B26-4BED-8338-4AB943216F19}.Debug|x64.Build.0 = Debug|x64
		{416667A8-8B26-4BED-8338-4AB943216F19}.Debug|x86.ActiveCfg = Debug|Win32
		{416667A8-8B26-4BED-8338-4AB943216F19}.Debug|x86.Build.0 = Debug|Win32
		{416667A8-8B26-4BED-8338-4AB943216F19}.Release|x64.ActiveCfg = Release|x64
		{416667A8-8B26-4BED-8338-4AB943216F19}.Release|x64.Build.0 = Release|x64
		{416667A8-8B26-4BED-8338-4AB943216F19}.Release|x86.ActiveCfg = Release|Win32
		{416667A8-8B26-4BED-8338-4AB943216F19}.Release|x86.Build.0 = Release|Win32
		{A01E7A16-71E5-48A9-A273-94C308CD5A75}.Debug|x64.ActiveCfg = Debug|x64
		{A01E7A16-71E5-48A9-A273-94C308CD5A75}.Debug|x64.Build.0 = Debug|x64
		{A01E7A16-71E5-48A9-A273-94C308CD5A75}.Debug|x86.ActiveCfg = Debug|Win32
		{A01E7A16-71E5-48A9-A273-94C308CD5A75}.Debug|x86.Build.0 = Debug|Win32
		{A01E7A16-71E5-48A9-A273-94C308CD5A75}.Release|x64.ActiveCfg = Release|x64
		{A01E7A16-71E5-48A9-A273-94C308CD5A75}.Release|x64.Build.0 = Release|x64
		{A01E7A16-71E5-48A9-A273-94C308CD5A75}.Release|x86.ActiveCfg = Release|Win32
		{A01E7A16-71E5-48A9-A273-94C308CD5A75}.Release|x86.Build.0 = Release|Win32
		{815AF547-A465-4C45-97A6-7E7CAF039991}.Debug|x64.ActiveCfg = Debug|x64
		{815AF547-A465-4C45-97A6-7E7CAF039991}.Debug|x64.Build.0 = Debug|x64
		{815AF547-A465-4C45-97A6-7E7CAF039991}.Debug|x86.ActiveCfg = Debug|Win32
		{815AF547-A465-4C45-97A6-7E7CAF039991}.Debug|x86.Build.0 = Debug|Win32
		{815AF547-A465-4C45-97A6-7E7CAF039991}.Release|x64.ActiveCfg = Release|x64
		{815AF547-A465-4C45-97A6-7E7CAF039991}.Release|x64.Build.0 = Release|x64
		{815AF547-A465-4C45-97A6-7E7CAF039991}.Release|x86.ActiveCfg = Release|Win32
		{815AF547-A465-4C45-97A6-7E7CAF039991}.Release|x86.Build.0 = Release|Win32
		{41ACFC9B-F0EE-4B6C-952F-98AE78799078}.Debug|x64.ActiveCfg = Debug|x64
		{41ACFC9B-F0EE-4B6C-952F-98AE78799078}.Debug|x64.Build.0 = Debug|x64
		{41ACFC9B-F0EE-4B6C-952F-98AE78799078}.Debug|x86.ActiveCfg = Debug|Win32
		{41ACFC9B-F0EE-4B6C-952F-98AE78799078}.Debug|x86.Build.0 = Debug|Win32
		{41ACFC9B-F0EE-4B6C-952F-98AE78799078}.Release|x64.ActiveCfg = Release|x64
		{41ACFC9B-F0EE-4B6C-952F-98AE78799078}.Release|x64.Build.0 = Release|x64
		{41ACFC9B-F0EE-4B6C-952F-98AE78799078}.Release|x86.ActiveCfg = Release|Win32
		{41ACFC9B-F0EE-4B6C-952F-98AE78799078}.Release|x86.Build.0 = Release|Win32
	EndGlobalSection
	GlobalSection(SolutionProperties) = preSolution
		HideSolutionNode = FALSE
	EndGlobalSection
	GlobalSection(ExtensibilityGlobals) = postSolution
		SolutionGuid = {29375423-5E74-4AFF-ABB7-B3A81A19157B}
	EndGlobalSection
EndGlobal
